
Microsoft Visual Studio Solution File, Format Version 12.00
# Visual Studio Version 17
VisualStudioVersion = 17.0.32014.148
MinimumVisualStudioVersion = 10.0.40219.1
Project("{888888A0-9F3D-457C-B088-3A5042F75D52}") = "BottleWebProject1", "BottleWebProject1.pyproj", "{B9C5662D-3FE4-4DEA-A806-4B479E68657F}"
EndProject
Global
	GlobalSection(SolutionConfigurationPlatforms) = preSolution
		Debug|Any CPU = Debug|Any CPU
		Release|Any CPU = Release|Any CPU
	EndGlobalSection
	GlobalSection(ProjectConfigurationPlatforms) = postSolution
		{B9C5662D-3FE4-4DEA-A806-4B479E68657F}.Debug|Any CPU.ActiveCfg = Debug|Any CPU
		{B9C5662D-3FE4-4DEA-A806-4B479E68657F}.Debug|Any CPU.Build.0 = Debug|Any CPU
		{B9C5662D-3FE4-4DEA-A806-4B479E68657F}.Release|Any CPU.ActiveCfg = Release|Any CPU
		{B9C5662D-3FE4-4DEA-A806-4B479E68657F}.Release|Any CPU.Build.0 = Release|Any CPU
	EndGlobalSection
	GlobalSection(SolutionProperties) = preSolution
		HideSolutionNode = FALSE
	EndGlobalSection
	GlobalSection(ExtensibilityGlobals) = postSolution
		SolutionGuid = {181297FC-5A35-4AA0-B729-7EAC3E817665}
	EndGlobalSection
EndGlobal
